{
    "_meta": {
        "hash": {
            "sha256": "ff43f41c1b90bcb41ba0ff16029b6ea470cea0484d0c8f726be301846709f042"
        },
        "pipfile-spec": 6,
        "requires": {
            "python_version": "3.9"
        },
        "sources": [
            {
                "name": "pypi",
                "url": "https://pypi.org/simple",
                "verify_ssl": true
            }
        ]
    },
    "default": {
        "greenlet": {
            "hashes": [
                "sha256:0153404a4bb921f0ff1abeb5ce8a5131da56b953eda6e14b88dc6bbc04d2049e",
                "sha256:03a088b9de532cbfe2ba2034b2b85e82df37874681e8c470d6fb2f8c04d7e4b7",
                "sha256:04b013dc07c96f83134b1e99888e7a79979f1a247e2a9f59697fa14b5862ed01",
                "sha256:05175c27cb459dcfc05d026c4232f9de8913ed006d42713cb8a5137bd49375f1",
                "sha256:09fc016b73c94e98e29af67ab7b9a879c307c6731a2c9da0db5a7d9b7edd1159",
                "sha256:0bbae94a29c9e5c7e4a2b7f0aae5c17e8e90acbfd3bf6270eeba60c39fce3563",
                "sha256:0fde093fb93f35ca72a556cf72c92ea3ebfda3d79fc35bb19fbe685853869a83",
                "sha256:1443279c19fca463fc33e65ef2a935a5b09bb90f978beab37729e1c3c6c25fe9",
                "sha256:1776fd7f989fc6b8d8c8cb8da1f6b82c5814957264d1f6cf818d475ec2bf6395",
                "sha256:1d3755bcb2e02de341c55b4fca7a745a24a9e7212ac953f6b3a48d117d7257aa",
                "sha256:23f20bb60ae298d7d8656c6ec6db134bca379ecefadb0b19ce6f19d1f232a942",
                "sha256:275f72decf9932639c1c6dd1013a1bc266438eb32710016a1c742df5da6e60a1",
                "sha256:2846930c65b47d70b9d178e89c7e1a69c95c1f68ea5aa0a58646b7a96df12441",
                "sha256:3319aa75e0e0639bc15ff54ca327e8dc7a6fe404003496e3c6925cd3142e0e22",
                "sha256:346bed03fe47414091be4ad44786d1bd8bef0c3fcad6ed3dee074a032ab408a9",
                "sha256:36b89d13c49216cadb828db8dfa6ce86bbbc476a82d3a6c397f0efae0525bdd0",
                "sha256:37b9de5a96111fc15418819ab4c4432e4f3c2ede61e660b1e33971eba26ef9ba",
                "sha256:396979749bd95f018296af156201d6211240e7a23090f50a8d5d18c370084dc3",
                "sha256:3b2813dc3de8c1ee3f924e4d4227999285fd335d1bcc0d2be6dc3f1f6a318ec1",
                "sha256:411f015496fec93c1c8cd4e5238da364e1da7a124bcb293f085bf2860c32c6f6",
                "sha256:47da355d8687fd65240c364c90a31569a133b7b60de111c255ef5b606f2ae291",
                "sha256:48ca08c771c268a768087b408658e216133aecd835c0ded47ce955381105ba39",
                "sha256:4afe7ea89de619adc868e087b4d2359282058479d7cfb94970adf4b55284574d",
                "sha256:4ce3ac6cdb6adf7946475d7ef31777c26d94bccc377e070a7986bd2d5c515467",
                "sha256:4ead44c85f8ab905852d3de8d86f6f8baf77109f9da589cb4fa142bd3b57b475",
                "sha256:54558ea205654b50c438029505def3834e80f0869a70fb15b871c29b4575ddef",
                "sha256:5e06afd14cbaf9e00899fae69b24a32f2196c19de08fcb9f4779dd4f004e5e7c",
                "sha256:62ee94988d6b4722ce0028644418d93a52429e977d742ca2ccbe1c4f4a792511",
                "sha256:63e4844797b975b9af3a3fb8f7866ff08775f5426925e1e0bbcfe7932059a12c",
                "sha256:6510bf84a6b643dabba74d3049ead221257603a253d0a9873f55f6a59a65f822",
                "sha256:667a9706c970cb552ede35aee17339a18e8f2a87a51fba2ed39ceeeb1004798a",
                "sha256:6ef9ea3f137e5711f0dbe5f9263e8c009b7069d8a1acea822bd5e9dae0ae49c8",
                "sha256:7017b2be767b9d43cc31416aba48aab0d2309ee31b4dbf10a1d38fb7972bdf9d",
                "sha256:7124e16b4c55d417577c2077be379514321916d5790fa287c9ed6f23bd2ffd01",
                "sha256:73aaad12ac0ff500f62cebed98d8789198ea0e6f233421059fa68a5aa7220145",
                "sha256:77c386de38a60d1dfb8e55b8c1101d68c79dfdd25c7095d51fec2dd800892b80",
                "sha256:7876452af029456b3f3549b696bb36a06db7c90747740c5302f74a9e9fa14b13",
                "sha256:7939aa3ca7d2a1593596e7ac6d59391ff30281ef280d8632fa03d81f7c5f955e",
                "sha256:8320f64b777d00dd7ccdade271eaf0cad6636343293a25074cc5566160e4de7b",
                "sha256:85f3ff71e2e60bd4b4932a043fbbe0f499e263c628390b285cb599154a3b03b1",
                "sha256:8b8b36671f10ba80e159378df9c4f15c14098c4fd73a36b9ad715f057272fbef",
                "sha256:93147c513fac16385d1036b7e5b102c7fbbdb163d556b791f0f11eada7ba65dc",
                "sha256:935e943ec47c4afab8965954bf49bfa639c05d4ccf9ef6e924188f762145c0ff",
                "sha256:94b6150a85e1b33b40b1464a3f9988dcc5251d6ed06842abff82e42632fac120",
                "sha256:94ebba31df2aa506d7b14866fed00ac141a867e63143fe5bca82a8e503b36437",
                "sha256:95ffcf719966dd7c453f908e208e14cde192e09fde6c7186c8f1896ef778d8cd",
                "sha256:98884ecf2ffb7d7fe6bd517e8eb99d31ff7855a840fa6d0d63cd07c037f6a981",
                "sha256:99cfaa2110534e2cf3ba31a7abcac9d328d1d9f1b95beede58294a60348fba36",
                "sha256:9e8f8c9cb53cdac7ba9793c276acd90168f416b9ce36799b9b885790f8ad6c0a",
                "sha256:a0dfc6c143b519113354e780a50381508139b07d2177cb6ad6a08278ec655798",
                "sha256:b2795058c23988728eec1f36a4e5e4ebad22f8320c85f3587b539b9ac84128d7",
                "sha256:b42703b1cf69f2aa1df7d1030b9d77d3e584a70755674d60e710f0af570f3761",
                "sha256:b7cede291382a78f7bb5f04a529cb18e068dd29e0fb27376074b6d0317bf4dd0",
                "sha256:b8a678974d1f3aa55f6cc34dc480169d58f2e6d8958895d68845fa4ab566509e",
                "sha256:b8da394b34370874b4572676f36acabac172602abf054cbc4ac910219f3340af",
                "sha256:c3a701fe5a9695b238503ce5bbe8218e03c3bcccf7e204e455e7462d770268aa",
                "sha256:c4aab7f6381f38a4b42f269057aee279ab0fc7bf2e929e3d4abfae97b682a12c",
                "sha256:ca9d0ff5ad43e785350894d97e13633a66e2b50000e8a183a50a88d834752d42",
                "sha256:d0028e725ee18175c6e422797c407874da24381ce0690d6b9396c204c7f7276e",
                "sha256:d21e10da6ec19b457b82636209cbe2331ff4306b54d06fa04b7c138ba18c8a81",
                "sha256:d5e975ca70269d66d17dd995dafc06f1b06e8cb1ec1e9ed54c1d1e4a7c4cf26e",
                "sha256:da7a9bff22ce038e19bf62c4dd1ec8391062878710ded0a845bcf47cc0200617",
                "sha256:db32b5348615a04b82240cc67983cb315309e88d444a288934ee6ceaebcad6cc",
                "sha256:dcc62f31eae24de7f8dce72134c8651c58000d3b1868e01392baea7c32c247de",
                "sha256:dfc59d69fc48664bc693842bd57acfdd490acafda1ab52c7836e3fc75c90a111",
                "sha256:e347b3bfcf985a05e8c0b7d462ba6f15b1ee1c909e2dcad795e49e91b152c383",
                "sha256:e4d333e558953648ca09d64f13e6d8f0523fa705f51cae3f03b5983489958c70",
                "sha256:ed10eac5830befbdd0c32f83e8aa6288361597550ba669b04c48f0f9a2c843c6",
                "sha256:efc0f674aa41b92da8c49e0346318c6075d734994c3c4e4430b1c3f853e498e4",
                "sha256:f1695e76146579f8c06c1509c7ce4dfe0706f49c6831a817ac04eebb2fd02011",
                "sha256:f1d4aeb8891338e60d1ab6127af1fe45def5259def8094b9c7e34690c8858803",
                "sha256:f406b22b7c9a9b4f8aa9d2ab13d6ae0ac3e85c9a809bd590ad53fed2bf70dc79",
                "sha256:f6ff3b14f2df4c41660a7dec01045a045653998784bf8cfcb5a525bdffffbc8f"
            ],
            "markers": "python_version >= '3.7'",
            "version": "==3.1.1"
        },
        "playwright": {
            "hashes": [
                "sha256:082bce2739f1078acc7d0734da8cc0e23eb91b7fae553f3316d733276f09a6b1",
                "sha256:115b988d1da322358b77bc3bf2d3cc90f8c881e691461538e7df91614c4833c9",
                "sha256:7da2eb51a19c7f3b523e9faa9d98e7af92e52eb983a099979ea79c9668e3cbf7",
                "sha256:85598c360c590076d4f435525be991246d74a905b654ac19d26eab7ed9b98b2d",
                "sha256:8dabb80e62f667fe2640a8b694e26a7b884c0b4803f7514a3954fc849126227b",
                "sha256:8ff8303409ebed76bed4c3d655340320b768817d900ba208b394fdd7d7939a5c",
                "sha256:e0e87b0c4dc8fce83c725dd851aec37bc4e882bb225ec8a96bd83cf32d4f1623"
            ],
            "index": "pypi",
            "markers": "python_version >= '3.8'",
            "version": "==1.48.0"
        },
        "pyee": {
            "hashes": [
                "sha256:7b14b74320600049ccc7d0e0b1becd3b4bd0a03c745758225e31a59f4095c990",
                "sha256:c480603f4aa2927d4766eb41fa82793fe60a82cbfdb8d688e0d08c55a534e145"
            ],
            "markers": "python_version >= '3.8'",
            "version": "==12.0.0"
        },
        "typing-extensions": {
            "hashes": [
                "sha256:0cea48d173cc12fa28ecabc3b837ea3cf6f38c6d1136f85cbaaf598984861466",
                "sha256:f0fa19c6845758ab08074a0cfa8b7aecb71c999ca73d62883bc25cc018c4e548"
            ],
            "markers": "python_version >= '3.9'",
            "version": "==4.15.0"
        }
    },
    "develop": {}
}
